// !$*UTF8*$!
{
	archiveVersion = 1;
	classes = {
	};
	objectVersion = 46;
	objects = {

/* Begin PBXBuildFile section */
		DA5EC1F91D7085C900A759C6 /* SoundPicker.swift in Sources */ = {isa = PBXBuildFile; fileRef = DA5EC1F81D7085C900A759C6 /* SoundPicker.swift */; };
		DA62B0031D6B0A870053AC14 /* SoundManager.swift in Sources */ = {isa = PBXBuildFile; fileRef = DA62B0021D6B0A870053AC14 /* SoundManager.swift */; };
		DA62B0161D6B19B10053AC14 /* Sound in Resources */ = {isa = PBXBuildFile; fileRef = DA62B0151D6B19B10053AC14 /* Sound */; };
		DA8242631D6DE6DE00DA47CF /* SoundFlow.swift in Sources */ = {isa = PBXBuildFile; fileRef = DA8242621D6DE6DE00DA47CF /* SoundFlow.swift */; };
		DA87C38E1D6C895B0082D11F /* SoundPadItem.swift in Sources */ = {isa = PBXBuildFile; fileRef = DA87C38D1D6C895B0082D11F /* SoundPadItem.swift */; };
		DA8CACCF1D7DAB8E00FFFA57 /* SoundPadPicker.swift in Sources */ = {isa = PBXBuildFile; fileRef = DA8CACCE1D7DAB8E00FFFA57 /* SoundPadPicker.swift */; };
		DA936EF51D6722320047C2BC /* AppDelegate.swift in Sources */ = {isa = PBXBuildFile; fileRef = DA936EF41D6722320047C2BC /* AppDelegate.swift */; };
		DA936EF71D6722320047C2BC /* SoundPadViewController.swift in Sources */ = {isa = PBXBuildFile; fileRef = DA936EF61D6722320047C2BC /* SoundPadViewController.swift */; };
		DA936EFA1D6722320047C2BC /* Main.storyboard in Resources */ = {isa = PBXBuildFile; fileRef = DA936EF81D6722320047C2BC /* Main.storyboard */; };
		DA936EFC1D6722320047C2BC /* Assets.xcassets in Resources */ = {isa = PBXBuildFile; fileRef = DA936EFB1D6722320047C2BC /* Assets.xcassets */; };
		DA936EFF1D6722320047C2BC /* LaunchScreen.storyboard in Resources */ = {isa = PBXBuildFile; fileRef = DA936EFD1D6722320047C2BC /* LaunchScreen.storyboard */; };
		DA93A4F71D7850FF0032E91C /* SoundPadManager.swift in Sources */ = {isa = PBXBuildFile; fileRef = DA93A4F61D7850FF0032E91C /* SoundPadManager.swift */; };
		DA9866BC1D6C67CE00ACFB55 /* SoundPadCell.swift in Sources */ = {isa = PBXBuildFile; fileRef = DA9866BB1D6C67CE00ACFB55 /* SoundPadCell.swift */; };
/* End PBXBuildFile section */

/* Begin PBXFileReference section */
		DA5EC1F81D7085C900A759C6 /* SoundPicker.swift */ = {isa = PBXFileReference; fileEncoding = 4; lastKnownFileType = sourcecode.swift; path = SoundPicker.swift; sourceTree = "<group>"; };
		DA62B0021D6B0A870053AC14 /* SoundManager.swift */ = {isa = PBXFileReference; fileEncoding = 4; lastKnownFileType = sourcecode.swift; path = SoundManager.swift; sourceTree = "<group>"; };
		DA62B0151D6B19B10053AC14 /* Sound */ = {isa = PBXFileReference; lastKnownFileType = folder; path = Sound; sourceTree = "<group>"; };
		DA8242621D6DE6DE00DA47CF /* SoundFlow.swift */ = {isa = PBXFileReference; fileEncoding = 4; lastKnownFileType = sourcecode.swift; path = SoundFlow.swift; sourceTree = "<group>"; };
		DA87C38D1D6C895B0082D11F /* SoundPadItem.swift */ = {isa = PBXFileReference; fileEncoding = 4; lastKnownFileType = sourcecode.swift; path = SoundPadItem.swift; sourceTree = "<group>"; };
		DA8CACCE1D7DAB8E00FFFA57 /* SoundPadPicker.swift */ = {isa = PBXFileReference; fileEncoding = 4; lastKnownFileType = sourcecode.swift; path = SoundPadPicker.swift; sourceTree = "<group>"; };
		DA936EF11D6722320047C2BC /* TableTop Ambience.app */ = {isa = PBXFileReference; explicitFileType = wrapper.application; includeInIndex = 0; path = "TableTop Ambience.app"; sourceTree = BUILT_PRODUCTS_DIR; };
		DA936EF41D6722320047C2BC /* AppDelegate.swift */ = {isa = PBXFileReference; lastKnownFileType = sourcecode.swift; path = AppDelegate.swift; sourceTree = "<group>"; };
		DA936EF61D6722320047C2BC /* SoundPadViewController.swift */ = {isa = PBXFileReference; lastKnownFileType = sourcecode.swift; path = SoundPadViewController.swift; sourceTree = "<group>"; };
		DA936EF91D6722320047C2BC /* Base */ = {isa = PBXFileReference; lastKnownFileType = file.storyboard; name = Base; path = Base.lproj/Main.storyboard; sourceTree = "<group>"; };
		DA936EFB1D6722320047C2BC /* Assets.xcassets */ = {isa = PBXFileReference; lastKnownFileType = folder.assetcatalog; path = Assets.xcassets; sourceTree = "<group>"; };
		DA936EFE1D6722320047C2BC /* Base */ = {isa = PBXFileReference; lastKnownFileType = file.storyboard; name = Base; path = Base.lproj/LaunchScreen.storyboard; sourceTree = "<group>"; };
		DA936F001D6722320047C2BC /* Info.plist */ = {isa = PBXFileReference; lastKnownFileType = text.plist.xml; path = Info.plist; sourceTree = "<group>"; };
		DA93A4F61D7850FF0032E91C /* SoundPadManager.swift */ = {isa = PBXFileReference; fileEncoding = 4; lastKnownFileType = sourcecode.swift; path = SoundPadManager.swift; sourceTree = "<group>"; };
		DA9866BB1D6C67CE00ACFB55 /* SoundPadCell.swift */ = {isa = PBXFileReference; fileEncoding = 4; lastKnownFileType = sourcecode.swift; path = SoundPadCell.swift; sourceTree = "<group>"; };
/* End PBXFileReference section */

/* Begin PBXFrameworksBuildPhase section */
		DA936EEE1D6722320047C2BC /* Frameworks */ = {
			isa = PBXFrameworksBuildPhase;
			buildActionMask = 2147483647;
			files = (
			);
			runOnlyForDeploymentPostprocessing = 0;
		};
/* End PBXFrameworksBuildPhase section */

/* Begin PBXGroup section */
		DA62B0011D6B09DB0053AC14 /* UI */ = {
			isa = PBXGroup;
			children = (
				DA936EF81D6722320047C2BC /* Main.storyboard */,
				DA936EFD1D6722320047C2BC /* LaunchScreen.storyboard */,
			);
			name = UI;
			sourceTree = "<group>";
		};
		DA87C38C1D6C85000082D11F /* Supporting Files */ = {
			isa = PBXGroup;
			children = (
				DA9866BB1D6C67CE00ACFB55 /* SoundPadCell.swift */,
				DA87C38D1D6C895B0082D11F /* SoundPadItem.swift */,
				DA8242621D6DE6DE00DA47CF /* SoundFlow.swift */,
				DA5EC1F81D7085C900A759C6 /* SoundPicker.swift */,
				DA93A4F61D7850FF0032E91C /* SoundPadManager.swift */,
				DA8CACCE1D7DAB8E00FFFA57 /* SoundPadPicker.swift */,
			);
			name = "Supporting Files";
			sourceTree = "<group>";
		};
		DA936EE81D6722320047C2BC = {
			isa = PBXGroup;
			children = (
				DA936EF31D6722320047C2BC /* TableTop Ambience */,
				DA936EF21D6722320047C2BC /* Products */,
			);
			sourceTree = "<group>";
		};
		DA936EF21D6722320047C2BC /* Products */ = {
			isa = PBXGroup;
			children = (
				DA936EF11D6722320047C2BC /* TableTop Ambience.app */,
			);
			name = Products;
			sourceTree = "<group>";
		};
		DA936EF31D6722320047C2BC /* TableTop Ambience */ = {
			isa = PBXGroup;
			children = (
				DA936EF41D6722320047C2BC /* AppDelegate.swift */,
				DA936EF61D6722320047C2BC /* SoundPadViewController.swift */,
				DA62B0011D6B09DB0053AC14 /* UI */,
				DA62B0021D6B0A870053AC14 /* SoundManager.swift */,
				DA87C38C1D6C85000082D11F /* Supporting Files */,
				DA936EFB1D6722320047C2BC /* Assets.xcassets */,
				DA936F001D6722320047C2BC /* Info.plist */,
				DA62B0151D6B19B10053AC14 /* Sound */,
			);
			path = "TableTop Ambience";
			sourceTree = "<group>";
		};
/* End PBXGroup section */

/* Begin PBXNativeTarget section */
		DA936EF01D6722320047C2BC /* TableTop Ambience */ = {
			isa = PBXNativeTarget;
			buildConfigurationList = DA936F031D6722320047C2BC /* Build configuration list for PBXNativeTarget "TableTop Ambience" */;
			buildPhases = (
				DA936EED1D6722320047C2BC /* Sources */,
				DA936EEE1D6722320047C2BC /* Frameworks */,
				DA936EEF1D6722320047C2BC /* Resources */,
			);
			buildRules = (
			);
			dependencies = (
			);
			name = "TableTop Ambience";
			productName = "TableTop Ambience";
			productReference = DA936EF11D6722320047C2BC /* TableTop Ambience.app */;
			productType = "com.apple.product-type.application";
		};
/* End PBXNativeTarget section */

/* Begin PBXProject section */
		DA936EE91D6722320047C2BC /* Project object */ = {
			isa = PBXProject;
			attributes = {
				LastSwiftUpdateCheck = 0800;
				LastUpgradeCheck = 0800;
				ORGANIZATIONNAME = "Victor Cebanu";
				TargetAttributes = {
					DA936EF01D6722320047C2BC = {
						CreatedOnToolsVersion = 8.0;
						DevelopmentTeam = 88S3QZH7N6;
						ProvisioningStyle = Automatic;
					};
				};
			};
			buildConfigurationList = DA936EEC1D6722320047C2BC /* Build configuration list for PBXProject "TableTop Ambience" */;
			compatibilityVersion = "Xcode 3.2";
			developmentRegion = English;
			hasScannedForEncodings = 0;
			knownRegions = (
				en,
				Base,
			);
			mainGroup = DA936EE81D6722320047C2BC;
			productRefGroup = DA936EF21D6722320047C2BC /* Products */;
			projectDirPath = "";
			projectRoot = "";
			targets = (
				DA936EF01D6722320047C2BC /* TableTop Ambience */,
			);
		};
/* End PBXProject section */

/* Begin PBXResourcesBuildPhase section */
		DA936EEF1D6722320047C2BC /* Resources */ = {
			isa = PBXResourcesBuildPhase;
			buildActionMask = 2147483647;
			files = (
				DA936EFF1D6722320047C2BC /* LaunchScreen.storyboard in Resources */,
				DA936EFC1D6722320047C2BC /* Assets.xcassets in Resources */,
				DA62B0161D6B19B10053AC14 /* Sound in Resources */,
				DA936EFA1D6722320047C2BC /* Main.storyboard in Resources */,
			);
			runOnlyForDeploymentPostprocessing = 0;
		};
/* End PBXResourcesBuildPhase section */

/* Begin PBXSourcesBuildPhase section */
		DA936EED1D6722320047C2BC /* Sources */ = {
			isa = PBXSourcesBuildPhase;
			buildActionMask = 2147483647;
			files = (
				DA936EF71D6722320047C2BC /* SoundPadViewController.swift in Sources */,
				DA93A4F71D7850FF0032E91C /* SoundPadManager.swift in Sources */,
				DA936EF51D6722320047C2BC /* AppDelegate.swift in Sources */,
				DA62B0031D6B0A870053AC14 /* SoundManager.swift in Sources */,
				DA8242631D6DE6DE00DA47CF /* SoundFlow.swift in Sources */,
				DA9866BC1D6C67CE00ACFB55 /* SoundPadCell.swift in Sources */,
				DA5EC1F91D7085C900A759C6 /* SoundPicker.swift in Sources */,
				DA87C38E1D6C895B0082D11F /* SoundPadItem.swift in Sources */,
				DA8CACCF1D7DAB8E00FFFA57 /* SoundPadPicker.swift in Sources */,
			);
			runOnlyForDeploymentPostprocessing = 0;
		};
/* End PBXSourcesBuildPhase section */

/* Begin PBXVariantGroup section */
		DA936EF81D6722320047C2BC /* Main.storyboard */ = {
			isa = PBXVariantGroup;
			children = (
				DA936EF91D6722320047C2BC /* Base */,
			);
			name = Main.storyboard;
			sourceTree = "<group>";
		};
		DA936EFD1D6722320047C2BC /* LaunchScreen.storyboard */ = {
			isa = PBXVariantGroup;
			children = (
				DA936EFE1D6722320047C2BC /* Base */,
			);
			name = LaunchScreen.storyboard;
			sourceTree = "<group>";
		};
/* End PBXVariantGroup section */

/* Begin XCBuildConfiguration section */
		DA936F011D6722320047C2BC /* Debug */ = {
			isa = XCBuildConfiguration;
			buildSettings = {
				ALWAYS_SEARCH_USER_PATHS = NO;
				CLANG_ANALYZER_NONNULL = YES;
				CLANG_CXX_LANGUAGE_STANDARD = "gnu++0x";
				CLANG_CXX_LIBRARY = "libc++";
				CLANG_ENABLE_MODULES = YES;
				CLANG_ENABLE_OBJC_ARC = YES;
				CLANG_WARN_BOOL_CONVERSION = YES;
				CLANG_WARN_CONSTANT_CONVERSION = YES;
				CLANG_WARN_DIRECT_OBJC_ISA_USAGE = YES_ERROR;
				CLANG_WARN_DOCUMENTATION_COMMENTS = YES;
				CLANG_WARN_EMPTY_BODY = YES;
				CLANG_WARN_ENUM_CONVERSION = YES;
				CLANG_WARN_INFINITE_RECURSION = YES;
				CLANG_WARN_INT_CONVERSION = YES;
				CLANG_WARN_OBJC_ROOT_CLASS = YES_ERROR;
				CLANG_WARN_SUSPICIOUS_MOVES = YES;
				CLANG_WARN_UNREACHABLE_CODE = YES;
				CLANG_WARN__DUPLICATE_METHOD_MATCH = YES;
				"CODE_SIGN_IDENTITY[sdk=iphoneos*]" = "iPhone Developer";
				COPY_PHASE_STRIP = NO;
				DEBUG_INFORMATION_FORMAT = dwarf;
				ENABLE_STRICT_OBJC_MSGSEND = YES;
				ENABLE_TESTABILITY = YES;
				GCC_C_LANGUAGE_STANDARD = gnu99;
				GCC_DYNAMIC_NO_PIC = NO;
				GCC_NO_COMMON_BLOCKS = YES;
				GCC_OPTIMIZATION_LEVEL = 0;
				GCC_PREPROCESSOR_DEFINITIONS = (
					"DEBUG=1",
					"$(inherited)",
				);
				GCC_WARN_64_TO_32_BIT_CONVERSION = YES;
				GCC_WARN_ABOUT_RETURN_TYPE = YES_ERROR;
				GCC_WARN_UNDECLARED_SELECTOR = YES;
				GCC_WARN_UNINITIALIZED_AUTOS = YES_AGGRESSIVE;
				GCC_WARN_UNUSED_FUNCTION = YES;
				GCC_WARN_UNUSED_VARIABLE = YES;
				IPHONEOS_DEPLOYMENT_TARGET = 10.0;
				MTL_ENABLE_DEBUG_INFO = YES;
				ONLY_ACTIVE_ARCH = YES;
				SDKROOT = iphoneos;
				SWIFT_ACTIVE_COMPILATION_CONDITIONS = DEBUG;
				SWIFT_OPTIMIZATION_LEVEL = "-Onone";
				TARGETED_DEVICE_FAMILY = "1,2";
			};
			name = Debug;
		};
		DA936F021D6722320047C2BC /* Release */ = {
			isa = XCBuildConfiguration;
			buildSettings = {
				ALWAYS_SEARCH_USER_PATHS = NO;
				CLANG_ANALYZER_NONNULL = YES;
				CLANG_CXX_LANGUAGE_STANDARD = "gnu++0x";
				CLANG_CXX_LIBRARY = "libc++";
				CLANG_ENABLE_MODULES = YES;
				CLANG_ENABLE_OBJC_ARC = YES;
				CLANG_WARN_BOOL_CONVERSION = YES;
				CLANG_WARN_CONSTANT_CONVERSION = YES;
				CLANG_WARN_DIRECT_OBJC_ISA_USAGE = YES_ERROR;
				CLANG_WARN_DOCUMENTATION_COMMENTS = YES;
				CLANG_WARN_EMPTY_BODY = YES;
				CLANG_WARN_ENUM_CONVERSION = YES;
				CLANG_WARN_INFINITE_RECURSION = YES;
				CLANG_WARN_INT_CONVERSION = YES;
				CLANG_WARN_OBJC_ROOT_CLASS = YES_ERROR;
				CLANG_WARN_SUSPICIOUS_MOVES = YES;
				CLANG_WARN_UNREACHABLE_CODE = YES;
				CLANG_WARN__DUPLICATE_METHOD_MATCH = YES;
				"CODE_SIGN_IDENTITY[sdk=iphoneos*]" = "iPhone Developer";
				COPY_PHASE_STRIP = NO;
				DEBUG_INFORMATION_FORMAT = "dwarf-with-dsym";
				ENABLE_NS_ASSERTIONS = NO;
				ENABLE_STRICT_OBJC_MSGSEND = YES;
				GCC_C_LANGUAGE_STANDARD = gnu99;
				GCC_NO_COMMON_BLOCKS = YES;
				GCC_WARN_64_TO_32_BIT_CONVERSION = YES;
				GCC_WARN_ABOUT_RETURN_TYPE = YES_ERROR;
				GCC_WARN_UNDECLARED_SELECTOR = YES;
				GCC_WARN_UNINITIALIZED_AUTOS = YES_AGGRESSIVE;
				GCC_WARN_UNUSED_FUNCTION = YES;
				GCC_WARN_UNUSED_VARIABLE = YES;
				IPHONEOS_DEPLOYMENT_TARGET = 10.0;
				MTL_ENABLE_DEBUG_INFO = NO;
				SDKROOT = iphoneos;
				SWIFT_OPTIMIZATION_LEVEL = "-Owholemodule";
				TARGETED_DEVICE_FAMILY = "1,2";
				VALIDATE_PRODUCT = YES;
			};
			name = Release;
		};
		DA936F041D6722320047C2BC /* Debug */ = {
			isa = XCBuildConfiguration;
			buildSettings = {
				ASSETCATALOG_COMPILER_APPICON_NAME = AppIcon;
				DEVELOPMENT_TEAM = 88S3QZH7N6;
				INFOPLIST_FILE = "TableTop Ambience/Info.plist";
				LD_RUNPATH_SEARCH_PATHS = "$(inherited) @executable_path/Frameworks";
				PRODUCT_BUNDLE_IDENTIFIER = "cvv.TableTop-Ambience";
				PRODUCT_NAME = "$(TARGET_NAME)";
				SWIFT_VERSION = 3.0;
			};
			name = Debug;
		};
		DA936F051D6722320047C2BC /* Release */ = {
			isa = XCBuildConfiguration;
			buildSettings = {
				ASSETCATALOG_COMPILER_APPICON_NAME = AppIcon;
				DEVELOPMENT_TEAM = 88S3QZH7N6;
				INFOPLIST_FILE = "TableTop Ambience/Info.plist";
				LD_RUNPATH_SEARCH_PATHS = "$(inherited) @executable_path/Frameworks";
				PRODUCT_BUNDLE_IDENTIFIER = "cvv.TableTop-Ambience";
				PRODUCT_NAME = "$(TARGET_NAME)";
				SWIFT_VERSION = 3.0;
			};
			name = Release;
		};
/* End XCBuildConfiguration section */

/* Begin XCConfigurationList section */
		DA936EEC1D6722320047C2BC /* Build configuration list for PBXProject "TableTop Ambience" */ = {
			isa = XCConfigurationList;
			buildConfigurations = (
				DA936F011D6722320047C2BC /* Debug */,
				DA936F021D6722320047C2BC /* Release */,
			);
			defaultConfigurationIsVisible = 0;
			defaultConfigurationName = Release;
		};
		DA936F031D6722320047C2BC /* Build configuration list for PBXNativeTarget "TableTop Ambience" */ = {
			isa = XCConfigurationList;
			buildConfigurations = (
				DA936F041D6722320047C2BC /* Debug */,
				DA936F051D6722320047C2BC /* Release */,
			);
			defaultConfigurationIsVisible = 0;
			defaultConfigurationName = Release;
		};
/* End XCConfigurationList section */
	};
	rootObject = DA936EE91D6722320047C2BC /* Project object */;
}
